
Microsoft Visual Studio Solution File, Format Version 12.00
# Visual Studio 15
VisualStudioVersion = 15.0.27130.2036
MinimumVisualStudioVersion = 10.0.40219.1
Project("{9A19103F-16F7-4668-BE54-9A1E7A4F7556}") = "AssetsData", "AssetsData\AssetsData.csproj", "{35B1F900-A39F-48EA-9ACA-F6A67A5CB1FC}"
EndProject
Project("{9A19103F-16F7-4668-BE54-9A1E7A4F7556}") = "XUnitTestData", "XUnitTestData\XUnitTestData.csproj", "{D53FC9D1-367E-4754-A7F4-A77D7798E588}"
EndProject
Project("{9A19103F-16F7-4668-BE54-9A1E7A4F7556}") = "XUnitTestCommon", "XUnitTestCommon\XUnitTestCommon.csproj", "{6FABA25D-1047-472D-82D5-C1FF4BCEB3F8}"
EndProject
Project("{9A19103F-16F7-4668-BE54-9A1E7A4F7556}") = "MatchingEngineData", "MatchingEngineData\MatchingEngineData.csproj", "{B18D9715-22BF-45D0-AC42-806F50B68142}"
EndProject
Project("{9A19103F-16F7-4668-BE54-9A1E7A4F7556}") = "AFTests", "AFTests\AFTests.csproj", "{83FAE21C-A467-4DDA-839D-14473525C103}"
	ProjectSection(ProjectDependencies) = postProject
		{9974DE61-1929-4535-A9A4-BF55A0DA71FA} = {9974DE61-1929-4535-A9A4-BF55A0DA71FA}
	EndProjectSection
EndProject
Project("{9A19103F-16F7-4668-BE54-9A1E7A4F7556}") = "ApiV2Data", "ApiV2Data\ApiV2Data.csproj", "{46C1E30B-9723-4309-8254-1849EFC67F9B}"
EndProject
Project("{9A19103F-16F7-4668-BE54-9A1E7A4F7556}") = "BlueApiData", "BlueApiData\BlueApiData.csproj", "{80DF4887-040A-4311-A7D5-57856C9A0A0C}"
EndProject
Project("{9A19103F-16F7-4668-BE54-9A1E7A4F7556}") = "BalancesData", "BalancesData\BalancesData.csproj", "{9DE5E3FC-5D75-4E8B-A498-424462959163}"
EndProject
Project("{9A19103F-16F7-4668-BE54-9A1E7A4F7556}") = "WalletApi", "WalletApi\WalletApi.csproj", "{9974DE61-1929-4535-A9A4-BF55A0DA71FA}"
EndProject
Project("{9A19103F-16F7-4668-BE54-9A1E7A4F7556}") = "PrivateServices", "PrivateServices\PrivateServices.csproj", "{6BC7A4A2-2BCA-4748-B161-046BA52725B0}"
EndProject
Project("{9A19103F-16F7-4668-BE54-9A1E7A4F7556}") = "LykkePay", "LykkePay\LykkePay.csproj", "{AC07F691-0353-4092-85E8-E8B192E1AE72}"
EndProject
Project("{9A19103F-16F7-4668-BE54-9A1E7A4F7556}") = "BlockchainsIntegration", "BlockchainsIntegration\BlockchainsIntegration.csproj", "{64F458CD-B61E-47B0-A7A1-F32D6A4C84D4}"
EndProject
Project("{9A19103F-16F7-4668-BE54-9A1E7A4F7556}") = "AlgoStoreData", "AlgoStoreData.cs\AlgoStoreData.csproj", "{A6F2482B-5EDE-401F-8152-DFF88A8B4B26}"
EndProject
Project("{9A19103F-16F7-4668-BE54-9A1E7A4F7556}") = "HFT", "HFT\HFT.csproj", "{17F9D45E-1F90-4C9F-99F9-4F70E91C6A30}"
EndProject
Project("{9A19103F-16F7-4668-BE54-9A1E7A4F7556}") = "FIX", "FIX\FIX.csproj", "{06034EFE-6690-4A3A-96AF-1C2B966A041C}"
EndProject
Project("{9092AA53-FB77-4645-B42D-1CCCA6BD08BD}") = "CypressProj", "Cypress\CypressProj.njsproj", "{5941A3B1-6732-47BB-801F-AC3B25011B56}"
EndProject
Global
	GlobalSection(SolutionConfigurationPlatforms) = preSolution
		Debug|Any CPU = Debug|Any CPU
		Release|Any CPU = Release|Any CPU
	EndGlobalSection
	GlobalSection(ProjectConfigurationPlatforms) = postSolution
		{35B1F900-A39F-48EA-9ACA-F6A67A5CB1FC}.Debug|Any CPU.ActiveCfg = Debug|Any CPU
		{35B1F900-A39F-48EA-9ACA-F6A67A5CB1FC}.Debug|Any CPU.Build.0 = Debug|Any CPU
		{35B1F900-A39F-48EA-9ACA-F6A67A5CB1FC}.Release|Any CPU.ActiveCfg = Release|Any CPU
		{35B1F900-A39F-48EA-9ACA-F6A67A5CB1FC}.Release|Any CPU.Build.0 = Release|Any CPU
		{D53FC9D1-367E-4754-A7F4-A77D7798E588}.Debug|Any CPU.ActiveCfg = Debug|Any CPU
		{D53FC9D1-367E-4754-A7F4-A77D7798E588}.Debug|Any CPU.Build.0 = Debug|Any CPU
		{D53FC9D1-367E-4754-A7F4-A77D7798E588}.Release|Any CPU.ActiveCfg = Release|Any CPU
		{D53FC9D1-367E-4754-A7F4-A77D7798E588}.Release|Any CPU.Build.0 = Release|Any CPU
		{6FABA25D-1047-472D-82D5-C1FF4BCEB3F8}.Debug|Any CPU.ActiveCfg = Debug|Any CPU
		{6FABA25D-1047-472D-82D5-C1FF4BCEB3F8}.Debug|Any CPU.Build.0 = Debug|Any CPU
		{6FABA25D-1047-472D-82D5-C1FF4BCEB3F8}.Release|Any CPU.ActiveCfg = Release|Any CPU
		{6FABA25D-1047-472D-82D5-C1FF4BCEB3F8}.Release|Any CPU.Build.0 = Release|Any CPU
		{B18D9715-22BF-45D0-AC42-806F50B68142}.Debug|Any CPU.ActiveCfg = Debug|Any CPU
		{B18D9715-22BF-45D0-AC42-806F50B68142}.Debug|Any CPU.Build.0 = Debug|Any CPU
		{B18D9715-22BF-45D0-AC42-806F50B68142}.Release|Any CPU.ActiveCfg = Release|Any CPU
		{B18D9715-22BF-45D0-AC42-806F50B68142}.Release|Any CPU.Build.0 = Release|Any CPU
		{83FAE21C-A467-4DDA-839D-14473525C103}.Debug|Any CPU.ActiveCfg = Debug|Any CPU
		{83FAE21C-A467-4DDA-839D-14473525C103}.Debug|Any CPU.Build.0 = Debug|Any CPU
		{83FAE21C-A467-4DDA-839D-14473525C103}.Release|Any CPU.ActiveCfg = Release|Any CPU
		{83FAE21C-A467-4DDA-839D-14473525C103}.Release|Any CPU.Build.0 = Release|Any CPU
		{46C1E30B-9723-4309-8254-1849EFC67F9B}.Debug|Any CPU.ActiveCfg = Debug|Any CPU
		{46C1E30B-9723-4309-8254-1849EFC67F9B}.Debug|Any CPU.Build.0 = Debug|Any CPU
		{46C1E30B-9723-4309-8254-1849EFC67F9B}.Release|Any CPU.ActiveCfg = Release|Any CPU
		{46C1E30B-9723-4309-8254-1849EFC67F9B}.Release|Any CPU.Build.0 = Release|Any CPU
		{80DF4887-040A-4311-A7D5-57856C9A0A0C}.Debug|Any CPU.ActiveCfg = Debug|Any CPU
		{80DF4887-040A-4311-A7D5-57856C9A0A0C}.Debug|Any CPU.Build.0 = Debug|Any CPU
		{80DF4887-040A-4311-A7D5-57856C9A0A0C}.Release|Any CPU.ActiveCfg = Release|Any CPU
		{80DF4887-040A-4311-A7D5-57856C9A0A0C}.Release|Any CPU.Build.0 = Release|Any CPU
		{9DE5E3FC-5D75-4E8B-A498-424462959163}.Debug|Any CPU.ActiveCfg = Debug|Any CPU
		{9DE5E3FC-5D75-4E8B-A498-424462959163}.Debug|Any CPU.Build.0 = Debug|Any CPU
		{9DE5E3FC-5D75-4E8B-A498-424462959163}.Release|Any CPU.ActiveCfg = Release|Any CPU
		{9DE5E3FC-5D75-4E8B-A498-424462959163}.Release|Any CPU.Build.0 = Release|Any CPU
		{9974DE61-1929-4535-A9A4-BF55A0DA71FA}.Debug|Any CPU.ActiveCfg = Debug|Any CPU
		{9974DE61-1929-4535-A9A4-BF55A0DA71FA}.Debug|Any CPU.Build.0 = Debug|Any CPU
		{9974DE61-1929-4535-A9A4-BF55A0DA71FA}.Release|Any CPU.ActiveCfg = Release|Any CPU
		{9974DE61-1929-4535-A9A4-BF55A0DA71FA}.Release|Any CPU.Build.0 = Release|Any CPU
		{6BC7A4A2-2BCA-4748-B161-046BA52725B0}.Debug|Any CPU.ActiveCfg = Debug|Any CPU
		{6BC7A4A2-2BCA-4748-B161-046BA52725B0}.Debug|Any CPU.Build.0 = Debug|Any CPU
		{6BC7A4A2-2BCA-4748-B161-046BA52725B0}.Release|Any CPU.ActiveCfg = Release|Any CPU
		{6BC7A4A2-2BCA-4748-B161-046BA52725B0}.Release|Any CPU.Build.0 = Release|Any CPU
		{AC07F691-0353-4092-85E8-E8B192E1AE72}.Debug|Any CPU.ActiveCfg = Debug|Any CPU
		{AC07F691-0353-4092-85E8-E8B192E1AE72}.Debug|Any CPU.Build.0 = Debug|Any CPU
		{AC07F691-0353-4092-85E8-E8B192E1AE72}.Release|Any CPU.ActiveCfg = Release|Any CPU
		{AC07F691-0353-4092-85E8-E8B192E1AE72}.Release|Any CPU.Build.0 = Release|Any CPU
		{64F458CD-B61E-47B0-A7A1-F32D6A4C84D4}.Debug|Any CPU.ActiveCfg = Debug|Any CPU
		{64F458CD-B61E-47B0-A7A1-F32D6A4C84D4}.Debug|Any CPU.Build.0 = Debug|Any CPU
		{64F458CD-B61E-47B0-A7A1-F32D6A4C84D4}.Release|Any CPU.ActiveCfg = Release|Any CPU
		{64F458CD-B61E-47B0-A7A1-F32D6A4C84D4}.Release|Any CPU.Build.0 = Release|Any CPU
		{A6F2482B-5EDE-401F-8152-DFF88A8B4B26}.Debug|Any CPU.ActiveCfg = Debug|Any CPU
		{A6F2482B-5EDE-401F-8152-DFF88A8B4B26}.Debug|Any CPU.Build.0 = Debug|Any CPU
		{A6F2482B-5EDE-401F-8152-DFF88A8B4B26}.Release|Any CPU.ActiveCfg = Release|Any CPU
		{A6F2482B-5EDE-401F-8152-DFF88A8B4B26}.Release|Any CPU.Build.0 = Release|Any CPU
		{17F9D45E-1F90-4C9F-99F9-4F70E91C6A30}.Debug|Any CPU.ActiveCfg = Debug|Any CPU
		{17F9D45E-1F90-4C9F-99F9-4F70E91C6A30}.Debug|Any CPU.Build.0 = Debug|Any CPU
		{17F9D45E-1F90-4C9F-99F9-4F70E91C6A30}.Release|Any CPU.ActiveCfg = Release|Any CPU
		{17F9D45E-1F90-4C9F-99F9-4F70E91C6A30}.Release|Any CPU.Build.0 = Release|Any CPU
		{06034EFE-6690-4A3A-96AF-1C2B966A041C}.Debug|Any CPU.ActiveCfg = Debug|Any CPU
		{06034EFE-6690-4A3A-96AF-1C2B966A041C}.Debug|Any CPU.Build.0 = Debug|Any CPU
		{06034EFE-6690-4A3A-96AF-1C2B966A041C}.Release|Any CPU.ActiveCfg = Release|Any CPU
		{06034EFE-6690-4A3A-96AF-1C2B966A041C}.Release|Any CPU.Build.0 = Release|Any CPU
		{5941A3B1-6732-47BB-801F-AC3B25011B56}.Debug|Any CPU.ActiveCfg = Debug|Any CPU
		{5941A3B1-6732-47BB-801F-AC3B25011B56}.Debug|Any CPU.Build.0 = Debug|Any CPU
		{5941A3B1-6732-47BB-801F-AC3B25011B56}.Release|Any CPU.ActiveCfg = Release|Any CPU
		{5941A3B1-6732-47BB-801F-AC3B25011B56}.Release|Any CPU.Build.0 = Release|Any CPU
	EndGlobalSection
	GlobalSection(SolutionProperties) = preSolution
		HideSolutionNode = FALSE
	EndGlobalSection
	GlobalSection(ExtensibilityGlobals) = postSolution
		SolutionGuid = {DE74FA74-6975-40C9-AAF6-7E278F7F15D3}
	EndGlobalSection
EndGlobal
